
Microsoft Visual Studio Solution File, Format Version 12.00
# Visual Studio Version 17
VisualStudioVersion = 17.5.33516.290
MinimumVisualStudioVersion = 10.0.40219.1
Project("{FAE04EC0-301F-11D3-BF4B-00C04F79EFBC}") = "Recap_OO", "Recap_OO\Recap_OO.csproj", "{B81A506D-EF69-4230-8BCA-59AC54BBD3CD}"
EndProject
Global
	GlobalSection(SolutionConfigurationPlatforms) = preSolution
		Debug|Any CPU = Debug|Any CPU
		Release|Any CPU = Release|Any CPU
	EndGlobalSection
	GlobalSection(ProjectConfigurationPlatforms) = postSolution
		{B81A506D-EF69-4230-8BCA-59AC54BBD3CD}.Debug|Any CPU.ActiveCfg = Debug|Any CPU
		{B81A506D-EF69-4230-8BCA-59AC54BBD3CD}.Debug|Any CPU.Build.0 = Debug|Any CPU
		{B81A506D-EF69-4230-8BCA-59AC54BBD3CD}.Release|Any CPU.ActiveCfg = Release|Any CPU
		{B81A506D-EF69-4230-8BCA-59AC54BBD3CD}.Release|Any CPU.Build.0 = Release|Any CPU
	EndGlobalSection
	GlobalSection(SolutionProperties) = preSolution
		HideSolutionNode = FALSE
	EndGlobalSection
	GlobalSection(ExtensibilityGlobals) = postSolution
		SolutionGuid = {F621EF1C-D3AE-4A43-A70B-CAB1F909B370}
	EndGlobalSection
EndGlobal
